
Microsoft Visual Studio Solution File, Format Version 12.00
# Visual Studio 15
VisualStudioVersion = 15.0.27428.2002
MinimumVisualStudioVersion = 10.0.40219.1
Project("{FAE04EC0-301F-11D3-BF4B-00C04F79EFBC}") = "opDatos", "opDatos\opDatos.csproj", "{FF5B9FAC-39D6-4E8B-AEB1-D0923982B01D}"
EndProject
Global
	GlobalSection(SolutionConfigurationPlatforms) = preSolution
		Debug|Any CPU = Debug|Any CPU
		Release|Any CPU = Release|Any CPU
	EndGlobalSection
	GlobalSection(ProjectConfigurationPlatforms) = postSolution
		{FF5B9FAC-39D6-4E8B-AEB1-D0923982B01D}.Debug|Any CPU.ActiveCfg = Debug|Any CPU
		{FF5B9FAC-39D6-4E8B-AEB1-D0923982B01D}.Debug|Any CPU.Build.0 = Debug|Any CPU
		{FF5B9FAC-39D6-4E8B-AEB1-D0923982B01D}.Release|Any CPU.ActiveCfg = Release|Any CPU
		{FF5B9FAC-39D6-4E8B-AEB1-D0923982B01D}.Release|Any CPU.Build.0 = Release|Any CPU
	EndGlobalSection
	GlobalSection(SolutionProperties) = preSolution
		HideSolutionNode = FALSE
	EndGlobalSection
	GlobalSection(ExtensibilityGlobals) = postSolution
		SolutionGuid = {332547A4-BFCC-48AA-8729-067239593104}
	EndGlobalSection
EndGlobal
